{
  "name": "newCaculator",
  "lockfileVersion": 2,
  "requires": true,
  "packages": {
    "": {
      "dependencies": {
        "@fontsource/work-sans": "^4.5.10"
      }
    },
    "node_modules/@fontsource/work-sans": {
      "version": "4.5.10",
      "resolved": "https://registry.npmjs.org/@fontsource/work-sans/-/work-sans-4.5.10.tgz",
      "integrity": "sha512-Qocfv97QO8WRZxV0xoeFhDypXaqGedAGlpHi2CXOfcPKyYOMlXfgzm3hWhw+t+4qGJfVRzqEvNMAnbL5Gwjgmw=="
    }
  },
  "dependencies": {
    "@fontsource/work-sans": {
      "version": "4.5.10",
      "resolved": "https://registry.npmjs.org/@fontsource/work-sans/-/work-sans-4.5.10.tgz",
      "integrity": "sha512-Qocfv97QO8WRZxV0xoeFhDypXaqGedAGlpHi2CXOfcPKyYOMlXfgzm3hWhw+t+4qGJfVRzqEvNMAnbL5Gwjgmw=="
    }
  }
}
